
Microsoft Visual Studio Solution File, Format Version 12.00
Project("{FAE04EC0-301F-11D3-BF4B-00C04F79EFBC}") = "BeautySalon.Contracts", "BeautySalon.Contracts\BeautySalon.Contracts.csproj", "{5B34522C-B549-4473-9E1E-867DCD3750EA}"
EndProject
Global
	GlobalSection(SolutionConfigurationPlatforms) = preSolution
		Debug|Any CPU = Debug|Any CPU
		Release|Any CPU = Release|Any CPU
	EndGlobalSection
	GlobalSection(ProjectConfigurationPlatforms) = postSolution
		{5B34522C-B549-4473-9E1E-867DCD3750EA}.Debug|Any CPU.ActiveCfg = Debug|Any CPU
		{5B34522C-B549-4473-9E1E-867DCD3750EA}.Debug|Any CPU.Build.0 = Debug|Any CPU
		{5B34522C-B549-4473-9E1E-867DCD3750EA}.Release|Any CPU.ActiveCfg = Release|Any CPU
		{5B34522C-B549-4473-9E1E-867DCD3750EA}.Release|Any CPU.Build.0 = Release|Any CPU
	EndGlobalSection
EndGlobal
